
Microsoft Visual Studio Solution File, Format Version 12.00
# Visual Studio 15
VisualStudioVersion = 15.0.27130.2036
MinimumVisualStudioVersion = 10.0.40219.1
Project("{FAE04EC0-301F-11D3-BF4B-00C04F79EFBC}") = "VisualCalculator", "VisualCalculator\VisualCalculator.csproj", "{3E9D4F16-7DC9-40AA-A478-6AB8FB4AB9E1}"
EndProject
Global
	GlobalSection(SolutionConfigurationPlatforms) = preSolution
		Debug|ARM = Debug|ARM
		Debug|x64 = Debug|x64
		Debug|x86 = Debug|x86
		Release|ARM = Release|ARM
		Release|x64 = Release|x64
		Release|x86 = Release|x86
	EndGlobalSection
	GlobalSection(ProjectConfigurationPlatforms) = postSolution
		{3E9D4F16-7DC9-40AA-A478-6AB8FB4AB9E1}.Debug|ARM.ActiveCfg = Debug|ARM
		{3E9D4F16-7DC9-40AA-A478-6AB8FB4AB9E1}.Debug|ARM.Build.0 = Debug|ARM
		{3E9D4F16-7DC9-40AA-A478-6AB8FB4AB9E1}.Debug|ARM.Deploy.0 = Debug|ARM
		{3E9D4F16-7DC9-40AA-A478-6AB8FB4AB9E1}.Debug|x64.ActiveCfg = Debug|x64
		{3E9D4F16-7DC9-40AA-A478-6AB8FB4AB9E1}.Debug|x64.Build.0 = Debug|x64
		{3E9D4F16-7DC9-40AA-A478-6AB8FB4AB9E1}.Debug|x64.Deploy.0 = Debug|x64
		{3E9D4F16-7DC9-40AA-A478-6AB8FB4AB9E1}.Debug|x86.ActiveCfg = Debug|x86
		{3E9D4F16-7DC9-40AA-A478-6AB8FB4AB9E1}.Debug|x86.Build.0 = Debug|x86
		{3E9D4F16-7DC9-40AA-A478-6AB8FB4AB9E1}.Debug|x86.Deploy.0 = Debug|x86
		{3E9D4F16-7DC9-40AA-A478-6AB8FB4AB9E1}.Release|ARM.ActiveCfg = Release|ARM
		{3E9D4F16-7DC9-40AA-A478-6AB8FB4AB9E1}.Release|ARM.Build.0 = Release|ARM
		{3E9D4F16-7DC9-40AA-A478-6AB8FB4AB9E1}.Release|ARM.Deploy.0 = Release|ARM
		{3E9D4F16-7DC9-40AA-A478-6AB8FB4AB9E1}.Release|x64.ActiveCfg = Release|x64
		{3E9D4F16-7DC9-40AA-A478-6AB8FB4AB9E1}.Release|x64.Build.0 = Release|x64
		{3E9D4F16-7DC9-40AA-A478-6AB8FB4AB9E1}.Release|x64.Deploy.0 = Release|x64
		{3E9D4F16-7DC9-40AA-A478-6AB8FB4AB9E1}.Release|x86.ActiveCfg = Release|x86
		{3E9D4F16-7DC9-40AA-A478-6AB8FB4AB9E1}.Release|x86.Build.0 = Release|x86
		{3E9D4F16-7DC9-40AA-A478-6AB8FB4AB9E1}.Release|x86.Deploy.0 = Release|x86
	EndGlobalSection
	GlobalSection(SolutionProperties) = preSolution
		HideSolutionNode = FALSE
	EndGlobalSection
	GlobalSection(ExtensibilityGlobals) = postSolution
		SolutionGuid = {7E25DAE3-429F-45B4-BDCD-497D0DECAA00}
	EndGlobalSection
EndGlobal
